{
  "nodes": {
    "firefox-addons": {
      "inputs": {
        "flake-utils": "flake-utils",
        "nixpkgs": [
          "nixpkgs"
        ]
      },
      "locked": {
        "dir": "pkgs/firefox-addons",
        "lastModified": 1739314801,
        "narHash": "sha256-3MLVCOggnfIdV/IN9J+Q+2zQcxF9KIhdjpuAcnwSfss=",
        "owner": "rycee",
        "repo": "nur-expressions",
        "rev": "28e64f6d044b25dcf64d42a9f0f55c9e271a1b7e",
        "type": "gitlab"
      },
      "original": {
        "dir": "pkgs/firefox-addons",
        "owner": "rycee",
        "repo": "nur-expressions",
        "type": "gitlab"
      }
    },
    "flake-utils": {
      "locked": {
        "lastModified": 1629284811,
        "narHash": "sha256-JHgasjPR0/J1J3DRm4KxM4zTyAj4IOJY8vIl75v/kPI=",
        "owner": "numtide",
        "repo": "flake-utils",
        "rev": "c5d161cc0af116a2e17f54316f0bf43f0819785c",
        "type": "github"
      },
      "original": {
        "owner": "numtide",
        "repo": "flake-utils",
        "type": "github"
      }
    },
    "home-manager": {
      "inputs": {
        "nixpkgs": [
          "nixpkgs"
        ]
      },
      "locked": {
        "lastModified": 1739314552,
        "narHash": "sha256-ggVf2BclyIW3jexc/uvgsgJH4e2cuG6Nyg54NeXgbFI=",
        "owner": "nix-community",
        "repo": "home-manager",
        "rev": "83bd3a26ac0526ae04fa74df46738bb44b89dcdd",
        "type": "github"
      },
      "original": {
        "owner": "nix-community",
        "repo": "home-manager",
        "type": "github"
      }
    },
    "nixpkgs": {
      "locked": {
        "lastModified": 1739214665,
        "narHash": "sha256-26L8VAu3/1YRxS8MHgBOyOM8xALdo6N0I04PgorE7UM=",
        "owner": "nixos",
        "repo": "nixpkgs",
        "rev": "64e75cd44acf21c7933d61d7721e812eac1b5a0a",
        "type": "github"
      },
      "original": {
        "owner": "nixos",
        "ref": "nixos-unstable",
        "repo": "nixpkgs",
        "type": "github"
      }
    },
    "plasma-manager": {
      "inputs": {
        "home-manager": [
          "home-manager"
        ],
        "nixpkgs": [
          "nixpkgs"
        ]
      },
      "locked": {
        "lastModified": 1739557722,
        "narHash": "sha256-XikzLpPUDYiNyJ4w2SfRShdbSkIgE3btYdxCGInmtc4=",
        "owner": "nix-community",
        "repo": "plasma-manager",
        "rev": "1f3e1f38dedbbb8aad77e184fb54ec518e2d9522",
        "type": "github"
      },
      "original": {
        "owner": "nix-community",
        "repo": "plasma-manager",
        "type": "github"
      }
    },
    "root": {
      "inputs": {
        "firefox-addons": "firefox-addons",
        "home-manager": "home-manager",
        "nixpkgs": "nixpkgs",
        "plasma-manager": "plasma-manager"
      }
    }
  },
  "root": "root",
  "version": 7
}
